
Microsoft Visual Studio Solution File, Format Version 12.00
# Visual Studio Version 16
VisualStudioVersion = 16.0.31424.327
MinimumVisualStudioVersion = 10.0.40219.1
Project("{8BC9CEB8-8B4A-11D0-8D11-00A0C91BC942}") = "TeamN_Exercise63", "TeamN_Exercise63.vcxproj", "{475044A0-E9D3-4F0F-B391-C63C5E8731AF}"
EndProject
Global
	GlobalSection(SolutionConfigurationPlatforms) = preSolution
		Debug|x64 = Debug|x64
		Debug|x86 = Debug|x86
		Release|x64 = Release|x64
		Release|x86 = Release|x86
	EndGlobalSection
	GlobalSection(ProjectConfigurationPlatforms) = postSolution
		{475044A0-E9D3-4F0F-B391-C63C5E8731AF}.Debug|x64.ActiveCfg = Debug|x64
		{475044A0-E9D3-4F0F-B391-C63C5E8731AF}.Debug|x64.Build.0 = Debug|x64
		{475044A0-E9D3-4F0F-B391-C63C5E8731AF}.Debug|x86.ActiveCfg = Debug|Win32
		{475044A0-E9D3-4F0F-B391-C63C5E8731AF}.Debug|x86.Build.0 = Debug|Win32
		{475044A0-E9D3-4F0F-B391-C63C5E8731AF}.Release|x64.ActiveCfg = Release|x64
		{475044A0-E9D3-4F0F-B391-C63C5E8731AF}.Release|x64.Build.0 = Release|x64
		{475044A0-E9D3-4F0F-B391-C63C5E8731AF}.Release|x86.ActiveCfg = Release|Win32
		{475044A0-E9D3-4F0F-B391-C63C5E8731AF}.Release|x86.Build.0 = Release|Win32
	EndGlobalSection
	GlobalSection(SolutionProperties) = preSolution
		HideSolutionNode = FALSE
	EndGlobalSection
	GlobalSection(ExtensibilityGlobals) = postSolution
		SolutionGuid = {0EFD8503-767C-418A-B08C-1CCE9C3C0640}
	EndGlobalSection
EndGlobal
