
Microsoft Visual Studio Solution File, Format Version 12.00
# Visual Studio Version 16
VisualStudioVersion = 16.0.31424.327
MinimumVisualStudioVersion = 10.0.40219.1
Project("{8BC9CEB8-8B4A-11D0-8D11-00A0C91BC942}") = "TeamK_Excercise101", "TeamK_Excercise101.vcxproj", "{DEBDAF9B-C12D-415F-97E5-0CCFCBBAD4A3}"
EndProject
Global
	GlobalSection(SolutionConfigurationPlatforms) = preSolution
		Debug|x64 = Debug|x64
		Debug|x86 = Debug|x86
		Release|x64 = Release|x64
		Release|x86 = Release|x86
	EndGlobalSection
	GlobalSection(ProjectConfigurationPlatforms) = postSolution
		{DEBDAF9B-C12D-415F-97E5-0CCFCBBAD4A3}.Debug|x64.ActiveCfg = Debug|x64
		{DEBDAF9B-C12D-415F-97E5-0CCFCBBAD4A3}.Debug|x64.Build.0 = Debug|x64
		{DEBDAF9B-C12D-415F-97E5-0CCFCBBAD4A3}.Debug|x86.ActiveCfg = Debug|Win32
		{DEBDAF9B-C12D-415F-97E5-0CCFCBBAD4A3}.Debug|x86.Build.0 = Debug|Win32
		{DEBDAF9B-C12D-415F-97E5-0CCFCBBAD4A3}.Release|x64.ActiveCfg = Release|x64
		{DEBDAF9B-C12D-415F-97E5-0CCFCBBAD4A3}.Release|x64.Build.0 = Release|x64
		{DEBDAF9B-C12D-415F-97E5-0CCFCBBAD4A3}.Release|x86.ActiveCfg = Release|Win32
		{DEBDAF9B-C12D-415F-97E5-0CCFCBBAD4A3}.Release|x86.Build.0 = Release|Win32
	EndGlobalSection
	GlobalSection(SolutionProperties) = preSolution
		HideSolutionNode = FALSE
	EndGlobalSection
	GlobalSection(ExtensibilityGlobals) = postSolution
		SolutionGuid = {7A53EDA8-61D1-4673-953F-02F4DEBD460D}
	EndGlobalSection
EndGlobal
